
Microsoft Visual Studio Solution File, Format Version 12.00
# Visual Studio Version 16
VisualStudioVersion = 16.0.31321.278
MinimumVisualStudioVersion = 10.0.40219.1
Project("{FAE04EC0-301F-11D3-BF4B-00C04F79EFBC}") = "ExpendedoraConsola", "ExpendedoraConsola\ExpendedoraConsola.csproj", "{D7847769-5110-4C9C-82E2-D0989926CFF0}"
EndProject
Project("{FAE04EC0-301F-11D3-BF4B-00C04F79EFBC}") = "ExpendedoraLibreriaClases", "ExpendedoraLibreriaClases\ExpendedoraLibreriaClases.csproj", "{C05CAB47-868B-4BC1-843D-92CFB556FE1A}"
EndProject
Global
	GlobalSection(SolutionConfigurationPlatforms) = preSolution
		Debug|Any CPU = Debug|Any CPU
		Release|Any CPU = Release|Any CPU
	EndGlobalSection
	GlobalSection(ProjectConfigurationPlatforms) = postSolution
		{D7847769-5110-4C9C-82E2-D0989926CFF0}.Debug|Any CPU.ActiveCfg = Debug|Any CPU
		{D7847769-5110-4C9C-82E2-D0989926CFF0}.Debug|Any CPU.Build.0 = Debug|Any CPU
		{D7847769-5110-4C9C-82E2-D0989926CFF0}.Release|Any CPU.ActiveCfg = Release|Any CPU
		{D7847769-5110-4C9C-82E2-D0989926CFF0}.Release|Any CPU.Build.0 = Release|Any CPU
		{C05CAB47-868B-4BC1-843D-92CFB556FE1A}.Debug|Any CPU.ActiveCfg = Debug|Any CPU
		{C05CAB47-868B-4BC1-843D-92CFB556FE1A}.Debug|Any CPU.Build.0 = Debug|Any CPU
		{C05CAB47-868B-4BC1-843D-92CFB556FE1A}.Release|Any CPU.ActiveCfg = Release|Any CPU
		{C05CAB47-868B-4BC1-843D-92CFB556FE1A}.Release|Any CPU.Build.0 = Release|Any CPU
	EndGlobalSection
	GlobalSection(SolutionProperties) = preSolution
		HideSolutionNode = FALSE
	EndGlobalSection
	GlobalSection(ExtensibilityGlobals) = postSolution
		SolutionGuid = {88F53CC0-5B11-4A95-AD05-96BD9B52D891}
	EndGlobalSection
EndGlobal
